
Microsoft Visual Studio Solution File, Format Version 12.00
# Visual Studio Version 17
VisualStudioVersion = 17.8.34511.84
MinimumVisualStudioVersion = 10.0.40219.1
Project("{FAE04EC0-301F-11D3-BF4B-00C04F79EFBC}") = "Functions", "Functions\Functions.csproj", "{1648EFE4-F21B-46ED-B2FC-B0CBF73D5754}"
EndProject
Project("{FAE04EC0-301F-11D3-BF4B-00C04F79EFBC}") = "ArgumentsAndParameters", "ArgumentsAndParameters\ArgumentsAndParameters.csproj", "{AE113EEA-C915-44B5-97D3-12A2E1159303}"
EndProject
Project("{FAE04EC0-301F-11D3-BF4B-00C04F79EFBC}") = "Calculator", "Calculator\Calculator.csproj", "{31E25D04-EA78-4846-BF4C-7634C717F697}"
EndProject
Project("{FAE04EC0-301F-11D3-BF4B-00C04F79EFBC}") = "DiscountCalculator", "DiscountCalculator\DiscountCalculator.csproj", "{9C225459-2FC5-4EB2-90BC-C1AA002A2791}"
EndProject
Global
	GlobalSection(SolutionConfigurationPlatforms) = preSolution
		Debug|Any CPU = Debug|Any CPU
		Release|Any CPU = Release|Any CPU
	EndGlobalSection
	GlobalSection(ProjectConfigurationPlatforms) = postSolution
		{1648EFE4-F21B-46ED-B2FC-B0CBF73D5754}.Debug|Any CPU.ActiveCfg = Debug|Any CPU
		{1648EFE4-F21B-46ED-B2FC-B0CBF73D5754}.Debug|Any CPU.Build.0 = Debug|Any CPU
		{1648EFE4-F21B-46ED-B2FC-B0CBF73D5754}.Release|Any CPU.ActiveCfg = Release|Any CPU
		{1648EFE4-F21B-46ED-B2FC-B0CBF73D5754}.Release|Any CPU.Build.0 = Release|Any CPU
		{AE113EEA-C915-44B5-97D3-12A2E1159303}.Debug|Any CPU.ActiveCfg = Debug|Any CPU
		{AE113EEA-C915-44B5-97D3-12A2E1159303}.Debug|Any CPU.Build.0 = Debug|Any CPU
		{AE113EEA-C915-44B5-97D3-12A2E1159303}.Release|Any CPU.ActiveCfg = Release|Any CPU
		{AE113EEA-C915-44B5-97D3-12A2E1159303}.Release|Any CPU.Build.0 = Release|Any CPU
		{31E25D04-EA78-4846-BF4C-7634C717F697}.Debug|Any CPU.ActiveCfg = Debug|Any CPU
		{31E25D04-EA78-4846-BF4C-7634C717F697}.Debug|Any CPU.Build.0 = Debug|Any CPU
		{31E25D04-EA78-4846-BF4C-7634C717F697}.Release|Any CPU.ActiveCfg = Release|Any CPU
		{31E25D04-EA78-4846-BF4C-7634C717F697}.Release|Any CPU.Build.0 = Release|Any CPU
		{9C225459-2FC5-4EB2-90BC-C1AA002A2791}.Debug|Any CPU.ActiveCfg = Debug|Any CPU
		{9C225459-2FC5-4EB2-90BC-C1AA002A2791}.Debug|Any CPU.Build.0 = Debug|Any CPU
		{9C225459-2FC5-4EB2-90BC-C1AA002A2791}.Release|Any CPU.ActiveCfg = Release|Any CPU
		{9C225459-2FC5-4EB2-90BC-C1AA002A2791}.Release|Any CPU.Build.0 = Release|Any CPU
	EndGlobalSection
	GlobalSection(SolutionProperties) = preSolution
		HideSolutionNode = FALSE
	EndGlobalSection
	GlobalSection(ExtensibilityGlobals) = postSolution
		SolutionGuid = {02DBF4E3-2018-4B54-BE17-7954F0D8CF5E}
	EndGlobalSection
EndGlobal
